// !$*UTF8*$!
{
	archiveVersion = 1;
	classes = {
	};
	objectVersion = 46;
	objects = {

/* Begin PBXBuildFile section */
		8F63A7071B0755290053B16D /* AppDelegate.swift in Sources */ = {isa = PBXBuildFile; fileRef = 8F63A7061B0755290053B16D /* AppDelegate.swift */; };
		8F63A7091B0755290053B16D /* RecordSoundsViewController.swift in Sources */ = {isa = PBXBuildFile; fileRef = 8F63A7081B0755290053B16D /* RecordSoundsViewController.swift */; };
		8F63A70C1B0755290053B16D /* Main.storyboard in Resources */ = {isa = PBXBuildFile; fileRef = 8F63A70A1B0755290053B16D /* Main.storyboard */; };
		8F63A70E1B07552A0053B16D /* Images.xcassets in Resources */ = {isa = PBXBuildFile; fileRef = 8F63A70D1B07552A0053B16D /* Images.xcassets */; };
		8F63A7111B07552A0053B16D /* LaunchScreen.xib in Resources */ = {isa = PBXBuildFile; fileRef = 8F63A70F1B07552A0053B16D /* LaunchScreen.xib */; };
		8F63A71D1B07552A0053B16D /* pitch_perfectTests.swift in Sources */ = {isa = PBXBuildFile; fileRef = 8F63A71C1B07552A0053B16D /* pitch_perfectTests.swift */; };
		8F63A7271B078B010053B16D /* PlaySoundsViewController.swift in Sources */ = {isa = PBXBuildFile; fileRef = 8F63A7261B078B010053B16D /* PlaySoundsViewController.swift */; };
		8FC61A341B2055A400A48B14 /* RecordedAudio.swift in Sources */ = {isa = PBXBuildFile; fileRef = 8FC61A331B2055A400A48B14 /* RecordedAudio.swift */; };
		8FFAB03A1B0C68360099255D /* movie_quote.mp3 in Resources */ = {isa = PBXBuildFile; fileRef = 8FFAB0391B0C68360099255D /* movie_quote.mp3 */; };
/* End PBXBuildFile section */

/* Begin PBXContainerItemProxy section */
		8F63A7171B07552A0053B16D /* PBXContainerItemProxy */ = {
			isa = PBXContainerItemProxy;
			containerPortal = 8F63A6F91B0755290053B16D /* Project object */;
			proxyType = 1;
			remoteGlobalIDString = 8F63A7001B0755290053B16D;
			remoteInfo = "pitch-perfect";
		};
/* End PBXContainerItemProxy section */

/* Begin PBXFileReference section */
		8F63A7011B0755290053B16D /* pitch-perfect.app */ = {isa = PBXFileReference; explicitFileType = wrapper.application; includeInIndex = 0; path = "pitch-perfect.app"; sourceTree = BUILT_PRODUCTS_DIR; };
		8F63A7051B0755290053B16D /* Info.plist */ = {isa = PBXFileReference; lastKnownFileType = text.plist.xml; path = Info.plist; sourceTree = "<group>"; };
		8F63A7061B0755290053B16D /* AppDelegate.swift */ = {isa = PBXFileReference; lastKnownFileType = sourcecode.swift; path = AppDelegate.swift; sourceTree = "<group>"; };
		8F63A7081B0755290053B16D /* RecordSoundsViewController.swift */ = {isa = PBXFileReference; lastKnownFileType = sourcecode.swift; path = RecordSoundsViewController.swift; sourceTree = "<group>"; };
		8F63A70B1B0755290053B16D /* Base */ = {isa = PBXFileReference; lastKnownFileType = file.storyboard; name = Base; path = Base.lproj/Main.storyboard; sourceTree = "<group>"; };
		8F63A70D1B07552A0053B16D /* Images.xcassets */ = {isa = PBXFileReference; lastKnownFileType = folder.assetcatalog; path = Images.xcassets; sourceTree = "<group>"; };
		8F63A7101B07552A0053B16D /* Base */ = {isa = PBXFileReference; lastKnownFileType = file.xib; name = Base; path = Base.lproj/LaunchScreen.xib; sourceTree = "<group>"; };
		8F63A7161B07552A0053B16D /* pitch-perfectTests.xctest */ = {isa = PBXFileReference; explicitFileType = wrapper.cfbundle; includeInIndex = 0; path = "pitch-perfectTests.xctest"; sourceTree = BUILT_PRODUCTS_DIR; };
		8F63A71B1B07552A0053B16D /* Info.plist */ = {isa = PBXFileReference; lastKnownFileType = text.plist.xml; path = Info.plist; sourceTree = "<group>"; };
		8F63A71C1B07552A0053B16D /* pitch_perfectTests.swift */ = {isa = PBXFileReference; lastKnownFileType = sourcecode.swift; path = pitch_perfectTests.swift; sourceTree = "<group>"; };
		8F63A7261B078B010053B16D /* PlaySoundsViewController.swift */ = {isa = PBXFileReference; fileEncoding = 4; lastKnownFileType = sourcecode.swift; path = PlaySoundsViewController.swift; sourceTree = "<group>"; };
		8FC61A331B2055A400A48B14 /* RecordedAudio.swift */ = {isa = PBXFileReference; fileEncoding = 4; lastKnownFileType = sourcecode.swift; path = RecordedAudio.swift; sourceTree = "<group>"; };
		8FFAB0391B0C68360099255D /* movie_quote.mp3 */ = {isa = PBXFileReference; lastKnownFileType = audio.mp3; path = movie_quote.mp3; sourceTree = "<group>"; };
/* End PBXFileReference section */

/* Begin PBXFrameworksBuildPhase section */
		8F63A6FE1B0755290053B16D /* Frameworks */ = {
			isa = PBXFrameworksBuildPhase;
			buildActionMask = 2147483647;
			files = (
			);
			runOnlyForDeploymentPostprocessing = 0;
		};
		8F63A7131B07552A0053B16D /* Frameworks */ = {
			isa = PBXFrameworksBuildPhase;
			buildActionMask = 2147483647;
			files = (
			);
			runOnlyForDeploymentPostprocessing = 0;
		};
/* End PBXFrameworksBuildPhase section */

/* Begin PBXGroup section */
		8F63A6F81B0755290053B16D = {
			isa = PBXGroup;
			children = (
				8F63A7031B0755290053B16D /* pitch-perfect */,
				8F63A7191B07552A0053B16D /* pitch-perfectTests */,
				8F63A7021B0755290053B16D /* Products */,
			);
			sourceTree = "<group>";
		};
		8F63A7021B0755290053B16D /* Products */ = {
			isa = PBXGroup;
			children = (
				8F63A7011B0755290053B16D /* pitch-perfect.app */,
				8F63A7161B07552A0053B16D /* pitch-perfectTests.xctest */,
			);
			name = Products;
			sourceTree = "<group>";
		};
		8F63A7031B0755290053B16D /* pitch-perfect */ = {
			isa = PBXGroup;
			children = (
				8F63A7061B0755290053B16D /* AppDelegate.swift */,
				8F63A7081B0755290053B16D /* RecordSoundsViewController.swift */,
				8F63A70A1B0755290053B16D /* Main.storyboard */,
				8FC61A331B2055A400A48B14 /* RecordedAudio.swift */,
				8F63A7261B078B010053B16D /* PlaySoundsViewController.swift */,
				8F63A70D1B07552A0053B16D /* Images.xcassets */,
				8F63A70F1B07552A0053B16D /* LaunchScreen.xib */,
				8F63A7041B0755290053B16D /* Supporting Files */,
			);
			path = "pitch-perfect";
			sourceTree = "<group>";
		};
		8F63A7041B0755290053B16D /* Supporting Files */ = {
			isa = PBXGroup;
			children = (
				8FFAB0391B0C68360099255D /* movie_quote.mp3 */,
				8F63A7051B0755290053B16D /* Info.plist */,
			);
			name = "Supporting Files";
			sourceTree = "<group>";
		};
		8F63A7191B07552A0053B16D /* pitch-perfectTests */ = {
			isa = PBXGroup;
			children = (
				8F63A71C1B07552A0053B16D /* pitch_perfectTests.swift */,
				8F63A71A1B07552A0053B16D /* Supporting Files */,
			);
			path = "pitch-perfectTests";
			sourceTree = "<group>";
		};
		8F63A71A1B07552A0053B16D /* Supporting Files */ = {
			isa = PBXGroup;
			children = (
				8F63A71B1B07552A0053B16D /* Info.plist */,
			);
			name = "Supporting Files";
			sourceTree = "<group>";
		};
/* End PBXGroup section */

/* Begin PBXNativeTarget section */
		8F63A7001B0755290053B16D /* pitch-perfect */ = {
			isa = PBXNativeTarget;
			buildConfigurationList = 8F63A7201B07552A0053B16D /* Build configuration list for PBXNativeTarget "pitch-perfect" */;
			buildPhases = (
				8F63A6FD1B0755290053B16D /* Sources */,
				8F63A6FE1B0755290053B16D /* Frameworks */,
				8F63A6FF1B0755290053B16D /* Resources */,
			);
			buildRules = (
			);
			dependencies = (
			);
			name = "pitch-perfect";
			productName = "pitch-perfect";
			productReference = 8F63A7011B0755290053B16D /* pitch-perfect.app */;
			productType = "com.apple.product-type.application";
		};
		8F63A7151B07552A0053B16D /* pitch-perfectTests */ = {
			isa = PBXNativeTarget;
			buildConfigurationList = 8F63A7231B07552A0053B16D /* Build configuration list for PBXNativeTarget "pitch-perfectTests" */;
			buildPhases = (
				8F63A7121B07552A0053B16D /* Sources */,
				8F63A7131B07552A0053B16D /* Frameworks */,
				8F63A7141B07552A0053B16D /* Resources */,
			);
			buildRules = (
			);
			dependencies = (
				8F63A7181B07552A0053B16D /* PBXTargetDependency */,
			);
			name = "pitch-perfectTests";
			productName = "pitch-perfectTests";
			productReference = 8F63A7161B07552A0053B16D /* pitch-perfectTests.xctest */;
			productType = "com.apple.product-type.bundle.unit-test";
		};
/* End PBXNativeTarget section */

/* Begin PBXProject section */
		8F63A6F91B0755290053B16D /* Project object */ = {
			isa = PBXProject;
			attributes = {
				LastUpgradeCheck = 0610;
				ORGANIZATIONNAME = PilotRex;
				TargetAttributes = {
					8F63A7001B0755290053B16D = {
						CreatedOnToolsVersion = 6.1.1;
					};
					8F63A7151B07552A0053B16D = {
						CreatedOnToolsVersion = 6.1.1;
						TestTargetID = 8F63A7001B0755290053B16D;
					};
				};
			};
			buildConfigurationList = 8F63A6FC1B0755290053B16D /* Build configuration list for PBXProject "pitch-perfect" */;
			compatibilityVersion = "Xcode 3.2";
			developmentRegion = English;
			hasScannedForEncodings = 0;
			knownRegions = (
				en,
				Base,
			);
			mainGroup = 8F63A6F81B0755290053B16D;
			productRefGroup = 8F63A7021B0755290053B16D /* Products */;
			projectDirPath = "";
			projectRoot = "";
			targets = (
				8F63A7001B0755290053B16D /* pitch-perfect */,
				8F63A7151B07552A0053B16D /* pitch-perfectTests */,
			);
		};
/* End PBXProject section */

/* Begin PBXResourcesBuildPhase section */
		8F63A6FF1B0755290053B16D /* Resources */ = {
			isa = PBXResourcesBuildPhase;
			buildActionMask = 2147483647;
			files = (
				8F63A70C1B0755290053B16D /* Main.storyboard in Resources */,
				8F63A7111B07552A0053B16D /* LaunchScreen.xib in Resources */,
				8FFAB03A1B0C68360099255D /* movie_quote.mp3 in Resources */,
				8F63A70E1B07552A0053B16D /* Images.xcassets in Resources */,
			);
			runOnlyForDeploymentPostprocessing = 0;
		};
		8F63A7141B07552A0053B16D /* Resources */ = {
			isa = PBXResourcesBuildPhase;
			buildActionMask = 2147483647;
			files = (
			);
			runOnlyForDeploymentPostprocessing = 0;
		};
/* End PBXResourcesBuildPhase section */

/* Begin PBXSourcesBuildPhase section */
		8F63A6FD1B0755290053B16D /* Sources */ = {
			isa = PBXSourcesBuildPhase;
			buildActionMask = 2147483647;
			files = (
				8FC61A341B2055A400A48B14 /* RecordedAudio.swift in Sources */,
				8F63A7091B0755290053B16D /* RecordSoundsViewController.swift in Sources */,
				8F63A7271B078B010053B16D /* PlaySoundsViewController.swift in Sources */,
				8F63A7071B0755290053B16D /* AppDelegate.swift in Sources */,
			);
			runOnlyForDeploymentPostprocessing = 0;
		};
		8F63A7121B07552A0053B16D /* Sources */ = {
			isa = PBXSourcesBuildPhase;
			buildActionMask = 2147483647;
			files = (
				8F63A71D1B07552A0053B16D /* pitch_perfectTests.swift in Sources */,
			);
			runOnlyForDeploymentPostprocessing = 0;
		};
/* End PBXSourcesBuildPhase section */

/* Begin PBXTargetDependency section */
		8F63A7181B07552A0053B16D /* PBXTargetDependency */ = {
			isa = PBXTargetDependency;
			target = 8F63A7001B0755290053B16D /* pitch-perfect */;
			targetProxy = 8F63A7171B07552A0053B16D /* PBXContainerItemProxy */;
		};
/* End PBXTargetDependency section */

/* Begin PBXVariantGroup section */
		8F63A70A1B0755290053B16D /* Main.storyboard */ = {
			isa = PBXVariantGroup;
			children = (
				8F63A70B1B0755290053B16D /* Base */,
			);
			name = Main.storyboard;
			sourceTree = "<group>";
		};
		8F63A70F1B07552A0053B16D /* LaunchScreen.xib */ = {
			isa = PBXVariantGroup;
			children = (
				8F63A7101B07552A0053B16D /* Base */,
			);
			name = LaunchScreen.xib;
			sourceTree = "<group>";
		};
/* End PBXVariantGroup section */

/* Begin XCBuildConfiguration section */
		8F63A71E1B07552A0053B16D /* Debug */ = {
			isa = XCBuildConfiguration;
			buildSettings = {
				ALWAYS_SEARCH_USER_PATHS = NO;
				CLANG_CXX_LANGUAGE_STANDARD = "gnu++0x";
				CLANG_CXX_LIBRARY = "libc++";
				CLANG_ENABLE_MODULES = YES;
				CLANG_ENABLE_OBJC_ARC = YES;
				CLANG_WARN_BOOL_CONVERSION = YES;
				CLANG_WARN_CONSTANT_CONVERSION = YES;
				CLANG_WARN_DIRECT_OBJC_ISA_USAGE = YES_ERROR;
				CLANG_WARN_EMPTY_BODY = YES;
				CLANG_WARN_ENUM_CONVERSION = YES;
				CLANG_WARN_INT_CONVERSION = YES;
				CLANG_WARN_OBJC_ROOT_CLASS = YES_ERROR;
				CLANG_WARN_UNREACHABLE_CODE = YES;
				CLANG_WARN__DUPLICATE_METHOD_MATCH = YES;
				"CODE_SIGN_IDENTITY[sdk=iphoneos*]" = "iPhone Developer";
				COPY_PHASE_STRIP = NO;
				ENABLE_STRICT_OBJC_MSGSEND = YES;
				GCC_C_LANGUAGE_STANDARD = gnu99;
				GCC_DYNAMIC_NO_PIC = NO;
				GCC_OPTIMIZATION_LEVEL = 0;
				GCC_PREPROCESSOR_DEFINITIONS = (
					"DEBUG=1",
					"$(inherited)",
				);
				GCC_SYMBOLS_PRIVATE_EXTERN = NO;
				GCC_WARN_64_TO_32_BIT_CONVERSION = YES;
				GCC_WARN_ABOUT_RETURN_TYPE = YES_ERROR;
				GCC_WARN_UNDECLARED_SELECTOR = YES;
				GCC_WARN_UNINITIALIZED_AUTOS = YES_AGGRESSIVE;
				GCC_WARN_UNUSED_FUNCTION = YES;
				GCC_WARN_UNUSED_VARIABLE = YES;
				IPHONEOS_DEPLOYMENT_TARGET = 8.1;
				MTL_ENABLE_DEBUG_INFO = YES;
				ONLY_ACTIVE_ARCH = YES;
				SDKROOT = iphoneos;
				SWIFT_OPTIMIZATION_LEVEL = "-Onone";
			};
			name = Debug;
		};
		8F63A71F1B07552A0053B16D /* Release */ = {
			isa = XCBuildConfiguration;
			buildSettings = {
				ALWAYS_SEARCH_USER_PATHS = NO;
				CLANG_CXX_LANGUAGE_STANDARD = "gnu++0x";
				CLANG_CXX_LIBRARY = "libc++";
				CLANG_ENABLE_MODULES = YES;
				CLANG_ENABLE_OBJC_ARC = YES;
				CLANG_WARN_BOOL_CONVERSION = YES;
				CLANG_WARN_CONSTANT_CONVERSION = YES;
				CLANG_WARN_DIRECT_OBJC_ISA_USAGE = YES_ERROR;
				CLANG_WARN_EMPTY_BODY = YES;
				CLANG_WARN_ENUM_CONVERSION = YES;
				CLANG_WARN_INT_CONVERSION = YES;
				CLANG_WARN_OBJC_ROOT_CLASS = YES_ERROR;
				CLANG_WARN_UNREACHABLE_CODE = YES;
				CLANG_WARN__DUPLICATE_METHOD_MATCH = YES;
				"CODE_SIGN_IDENTITY[sdk=iphoneos*]" = "iPhone Developer";
				COPY_PHASE_STRIP = YES;
				ENABLE_NS_ASSERTIONS = NO;
				ENABLE_STRICT_OBJC_MSGSEND = YES;
				GCC_C_LANGUAGE_STANDARD = gnu99;
				GCC_WARN_64_TO_32_BIT_CONVERSION = YES;
				GCC_WARN_ABOUT_RETURN_TYPE = YES_ERROR;
				GCC_WARN_UNDECLARED_SELECTOR = YES;
				GCC_WARN_UNINITIALIZED_AUTOS = YES_AGGRESSIVE;
				GCC_WARN_UNUSED_FUNCTION = YES;
				GCC_WARN_UNUSED_VARIABLE = YES;
				IPHONEOS_DEPLOYMENT_TARGET = 8.1;
				MTL_ENABLE_DEBUG_INFO = NO;
				SDKROOT = iphoneos;
				VALIDATE_PRODUCT = YES;
			};
			name = Release;
		};
		8F63A7211B07552A0053B16D /* Debug */ = {
			isa = XCBuildConfiguration;
			buildSettings = {
				ASSETCATALOG_COMPILER_APPICON_NAME = AppIcon;
				INFOPLIST_FILE = "pitch-perfect/Info.plist";
				LD_RUNPATH_SEARCH_PATHS = "$(inherited) @executable_path/Frameworks";
				PRODUCT_NAME = "$(TARGET_NAME)";
			};
			name = Debug;
		};
		8F63A7221B07552A0053B16D /* Release */ = {
			isa = XCBuildConfiguration;
			buildSettings = {
				ASSETCATALOG_COMPILER_APPICON_NAME = AppIcon;
				INFOPLIST_FILE = "pitch-perfect/Info.plist";
				LD_RUNPATH_SEARCH_PATHS = "$(inherited) @executable_path/Frameworks";
				PRODUCT_NAME = "$(TARGET_NAME)";
			};
			name = Release;
		};
		8F63A7241B07552A0053B16D /* Debug */ = {
			isa = XCBuildConfiguration;
			buildSettings = {
				BUNDLE_LOADER = "$(TEST_HOST)";
				FRAMEWORK_SEARCH_PATHS = (
					"$(SDKROOT)/Developer/Library/Frameworks",
					"$(inherited)",
				);
				GCC_PREPROCESSOR_DEFINITIONS = (
					"DEBUG=1",
					"$(inherited)",
				);
				INFOPLIST_FILE = "pitch-perfectTests/Info.plist";
				LD_RUNPATH_SEARCH_PATHS = "$(inherited) @executable_path/Frameworks @loader_path/Frameworks";
				PRODUCT_NAME = "$(TARGET_NAME)";
				TEST_HOST = "$(BUILT_PRODUCTS_DIR)/pitch-perfect.app/pitch-perfect";
			};
			name = Debug;
		};
		8F63A7251B07552A0053B16D /* Release */ = {
			isa = XCBuildConfiguration;
			buildSettings = {
				BUNDLE_LOADER = "$(TEST_HOST)";
				FRAMEWORK_SEARCH_PATHS = (
					"$(SDKROOT)/Developer/Library/Frameworks",
					"$(inherited)",
				);
				INFOPLIST_FILE = "pitch-perfectTests/Info.plist";
				LD_RUNPATH_SEARCH_PATHS = "$(inherited) @executable_path/Frameworks @loader_path/Frameworks";
				PRODUCT_NAME = "$(TARGET_NAME)";
				TEST_HOST = "$(BUILT_PRODUCTS_DIR)/pitch-perfect.app/pitch-perfect";
			};
			name = Release;
		};
/* End XCBuildConfiguration section */

/* Begin XCConfigurationList section */
		8F63A6FC1B0755290053B16D /* Build configuration list for PBXProject "pitch-perfect" */ = {
			isa = XCConfigurationList;
			buildConfigurations = (
				8F63A71E1B07552A0053B16D /* Debug */,
				8F63A71F1B07552A0053B16D /* Release */,
			);
			defaultConfigurationIsVisible = 0;
			defaultConfigurationName = Release;
		};
		8F63A7201B07552A0053B16D /* Build configuration list for PBXNativeTarget "pitch-perfect" */ = {
			isa = XCConfigurationList;
			buildConfigurations = (
				8F63A7211B07552A0053B16D /* Debug */,
				8F63A7221B07552A0053B16D /* Release */,
			);
			defaultConfigurationIsVisible = 0;
			defaultConfigurationName = Release;
		};
		8F63A7231B07552A0053B16D /* Build configuration list for PBXNativeTarget "pitch-perfectTests" */ = {
			isa = XCConfigurationList;
			buildConfigurations = (
				8F63A7241B07552A0053B16D /* Debug */,
				8F63A7251B07552A0053B16D /* Release */,
			);
			defaultConfigurationIsVisible = 0;
			defaultConfigurationName = Release;
		};
/* End XCConfigurationList section */
	};
	rootObject = 8F63A6F91B0755290053B16D /* Project object */;
}
